
Microsoft Visual Studio Solution File, Format Version 12.00
# Visual Studio Version 17
VisualStudioVersion = 17.4.33213.308
MinimumVisualStudioVersion = 10.0.40219.1
Project("{FAE04EC0-301F-11D3-BF4B-00C04F79EFBC}") = "LeituraXml", "LeituraXml\LeituraXml.csproj", "{C5823AD4-7808-4D44-ADD5-554A140BD35F}"
EndProject
Global
	GlobalSection(SolutionConfigurationPlatforms) = preSolution
		Debug|Any CPU = Debug|Any CPU
		Release|Any CPU = Release|Any CPU
	EndGlobalSection
	GlobalSection(ProjectConfigurationPlatforms) = postSolution
		{C5823AD4-7808-4D44-ADD5-554A140BD35F}.Debug|Any CPU.ActiveCfg = Debug|Any CPU
		{C5823AD4-7808-4D44-ADD5-554A140BD35F}.Debug|Any CPU.Build.0 = Debug|Any CPU
		{C5823AD4-7808-4D44-ADD5-554A140BD35F}.Release|Any CPU.ActiveCfg = Release|Any CPU
		{C5823AD4-7808-4D44-ADD5-554A140BD35F}.Release|Any CPU.Build.0 = Release|Any CPU
	EndGlobalSection
	GlobalSection(SolutionProperties) = preSolution
		HideSolutionNode = FALSE
	EndGlobalSection
	GlobalSection(ExtensibilityGlobals) = postSolution
		SolutionGuid = {4BE6358B-B924-4969-903F-48C46DA57B2F}
	EndGlobalSection
EndGlobal
